{
  "name": "Extension",
  "lockfileVersion": 3,
  "requires": true,
  "packages": {
    "": {
      "dependencies": {
        "chart.js": "^4.4.2",
        "express-csp-header": "^5.2.1",
        "highcharts": "^11.4.1"
      }
    },
    "node_modules/@kurkle/color": {
      "version": "0.3.2",
      "resolved": "https://registry.npmjs.org/@kurkle/color/-/color-0.3.2.tgz",
      "integrity": "sha512-fuscdXJ9G1qb7W8VdHi+IwRqij3lBkosAm4ydQtEmbY58OzHXqQhvlxqEkoz0yssNVn38bcpRWgA9PP+OGoisw=="
    },
    "node_modules/chart.js": {
      "version": "4.4.2",
      "resolved": "https://registry.npmjs.org/chart.js/-/chart.js-4.4.2.tgz",
      "integrity": "sha512-6GD7iKwFpP5kbSD4MeRRRlTnQvxfQREy36uEtm1hzHzcOqwWx0YEHuspuoNlslu+nciLIB7fjjsHkUv/FzFcOg==",
      "dependencies": {
        "@kurkle/color": "^0.3.0"
      },
      "engines": {
        "pnpm": ">=8"
      }
    },
    "node_modules/csp-header": {
      "version": "5.2.1",
      "resolved": "https://registry.npmjs.org/csp-header/-/csp-header-5.2.1.tgz",
      "integrity": "sha512-qOJNu39JZkPrbrAM40a1tQCePEPYVIoI6nMDhX4RA07QjU8efS+zyd/zE83XJu85KKazH9NjKlvvlswFMteMgg==",
      "engines": {
        "node": ">=10"
      }
    },
    "node_modules/express-csp-header": {
      "version": "5.2.1",
      "resolved": "https://registry.npmjs.org/express-csp-header/-/express-csp-header-5.2.1.tgz",
      "integrity": "sha512-HvVCUa3GwqH9m4rG0y+s6bHENNxtPzLccM1bSmZNiMIWwMc38Q2Gkz6byiDkrqmnqaCJ9+9cc/p2Pd4QqOmx9Q==",
      "dependencies": {
        "csp-header": "^5.2.1",
        "psl": "1.8.0"
      },
      "engines": {
        "node": ">=10"
      }
    },
    "node_modules/highcharts": {
      "version": "11.4.1",
      "resolved": "https://registry.npmjs.org/highcharts/-/highcharts-11.4.1.tgz",
      "integrity": "sha512-t+BjB4hba5rNheczCrpyDz8BJrqGdgECHaaXQrgbf1mRdPMPemlOfo08/kTMgZ/Kp/Xfj015atdXpUFdwUU12Q=="
    },
    "node_modules/psl": {
      "version": "1.8.0",
      "resolved": "https://registry.npmjs.org/psl/-/psl-1.8.0.tgz",
      "integrity": "sha512-RIdOzyoavK+hA18OGGWDqUTsCLhtA7IcZ/6NCs4fFJaHBDab+pDDmDIByWFRQJq2Cd7r1OoQxBGKOaztq+hjIQ=="
    }
  }
}
